
Microsoft Visual Studio Solution File, Format Version 12.00
# Visual Studio Version 17
VisualStudioVersion = 17.8.34004.107
MinimumVisualStudioVersion = 10.0.40219.1
Project("{C9674DCB-5085-4A16-B785-4C70DD1589BD}") = "SSIS_Tutorial", "SSIS_Tutorial.dtproj", "{66CEDC97-2CB3-44A7-BA29-B205F0865DDE}"
EndProject
Global
	GlobalSection(SolutionConfigurationPlatforms) = preSolution
		Development|Default = Development|Default
	EndGlobalSection
	GlobalSection(ProjectConfigurationPlatforms) = postSolution
		{66CEDC97-2CB3-44A7-BA29-B205F0865DDE}.Development|Default.ActiveCfg = Development
		{66CEDC97-2CB3-44A7-BA29-B205F0865DDE}.Development|Default.Build.0 = Development
	EndGlobalSection
	GlobalSection(SolutionProperties) = preSolution
		HideSolutionNode = FALSE
	EndGlobalSection
	GlobalSection(ExtensibilityGlobals) = postSolution
		SolutionGuid = {7A879F33-39F5-492E-A70F-5341A8B9E484}
	EndGlobalSection
EndGlobal
